
Microsoft Visual Studio Solution File, Format Version 12.00
# Visual Studio 15
VisualStudioVersion = 15.0.28307.852
MinimumVisualStudioVersion = 10.0.40219.1
Project("{FAE04EC0-301F-11D3-BF4B-00C04F79EFBC}") = "Deploy-O-Mat.Web.Domain", "Deploy-O-Mat.Web.Domain\Deploy-O-Mat.Web.Domain.csproj", "{54C5A41D-A6CA-4940-A773-459C35F42F83}"
EndProject
Project("{FAE04EC0-301F-11D3-BF4B-00C04F79EFBC}") = "Deploy-O-Mat.Web.Application", "Deploy-O-Mat.Web.Application\Deploy-O-Mat.Web.Application.csproj", "{DED9DDF3-DDB6-4E80-B8C7-AD790305DE0D}"
EndProject
Project("{FAE04EC0-301F-11D3-BF4B-00C04F79EFBC}") = "Deploy-O-Mat.Web.API", "Deploy-O-Mat.Web.API\Deploy-O-Mat.Web.API.csproj", "{FF76A3C9-AFD1-4282-9EB2-0A1C341A69B5}"
EndProject
Project("{FAE04EC0-301F-11D3-BF4B-00C04F79EFBC}") = "Deploy-O-Mat.Web.Data", "Deploy-O-Mat.Web.Data\Deploy-O-Mat.Web.Data.csproj", "{6D906209-6B3F-4980-8E42-5CA6391A6625}"
EndProject
Project("{2150E333-8FDC-42A3-9474-1A3956D46DE8}") = "Deploy-O-Mat.Queue", "Deploy-O-Mat.Queue", "{BEF408F3-DF6B-4C73-9D00-3D684588664C}"
EndProject
Project("{FAE04EC0-301F-11D3-BF4B-00C04F79EFBC}") = "Deploy-O-Mat.Queue.Domain.Core", "Deploy-O-Mat.Queue.Domain.Core\Deploy-O-Mat.Queue.Domain.Core.csproj", "{8CAB6A43-5FF4-4FA3-9C48-AE518F17A248}"
EndProject
Project("{FAE04EC0-301F-11D3-BF4B-00C04F79EFBC}") = "Deploy-O-Mat.Queue.Domain.Infra.Bus", "Deploy-O-Mat.Queue.Domain.Infra.Bus\Deploy-O-Mat.Queue.Domain.Infra.Bus.csproj", "{B0EBB22B-1FC4-4D36-A3F8-1B2D45A04D54}"
EndProject
Project("{FAE04EC0-301F-11D3-BF4B-00C04F79EFBC}") = "Deploy-O-Mat.Queue.Infra.IoC", "Deploy-O-Mat.Queue.Infra.IoC\Deploy-O-Mat.Queue.Infra.IoC.csproj", "{2E9BA7EF-D194-4718-A84C-93BFC923170E}"
EndProject
Project("{2150E333-8FDC-42A3-9474-1A3956D46DE8}") = "Deploy-O-Mat.Docker.ExecutR", "Deploy-O-Mat.Docker.ExecutR", "{EA29DD77-3176-4A76-A405-0826CBF8FB3D}"
EndProject
Project("{FAE04EC0-301F-11D3-BF4B-00C04F79EFBC}") = "Deploy-O-Mat.Docker.ExecutR.Application", "Deploy-O-Mat.Docker.ExecutR.Application\Deploy-O-Mat.Docker.ExecutR.Application.csproj", "{3BCEA45D-05A0-4850-B6B8-9EB918CAF0F3}"
EndProject
Project("{FAE04EC0-301F-11D3-BF4B-00C04F79EFBC}") = "Deploy-O-Mat.Docker.ExecutR.Domain", "Deploy-O-Mat.Docker.ExecutR.Domain\Deploy-O-Mat.Docker.ExecutR.Domain.csproj", "{1F8A71E7-0C98-4834-9B17-440AA78E19EA}"
EndProject
Project("{2150E333-8FDC-42A3-9474-1A3956D46DE8}") = "Deploy-O-Mat.Website", "Deploy-O-Mat.Website", "{4C77F209-A1B6-47E8-92AA-957E1C265347}"
EndProject
Project("{FAE04EC0-301F-11D3-BF4B-00C04F79EFBC}") = "Deploy-O-Mat.Web.Identity", "Deploy-O-Mat.Web.Identity\Deploy-O-Mat.Web.Identity.csproj", "{BE955FD6-C670-4E8F-B59C-D9CF8BB69E9B}"
EndProject
Project("{FAE04EC0-301F-11D3-BF4B-00C04F79EFBC}") = "Deploy_O_Mat.Web.Common", "Deploy_O_Mat.Web.Common\Deploy_O_Mat.Web.Common.csproj", "{63D70C56-61C8-469B-B43A-375C7A60488A}"
EndProject
Project("{FAE04EC0-301F-11D3-BF4B-00C04F79EFBC}") = "Deploy_O_Mat.Web.Infrastructure", "Deploy_O_Mat.Web.Infrastructure\Deploy_O_Mat.Web.Infrastructure.csproj", "{CC870BB9-B5E9-4035-A46C-200615ECCFB6}"
EndProject
Project("{FAE04EC0-301F-11D3-BF4B-00C04F79EFBC}") = "Deploy-O-Mat.Docker.ExecutR.Service", "Deploy-O-Mat.Docker.ExecutR.Service\Deploy-O-Mat.Docker.ExecutR.Service.csproj", "{32D1FA86-9276-4B5D-BBC3-10F6675E0E01}"
EndProject
Project("{FAE04EC0-301F-11D3-BF4B-00C04F79EFBC}") = "Deploy-O-Mat.Web.Persistence", "Deploy-O-Mat.Web.Persistence\Deploy-O-Mat.Web.Persistence.csproj", "{B14E581C-9854-44B4-9136-B9B3AA66C7ED}"
EndProject
Project("{2150E333-8FDC-42A3-9474-1A3956D46DE8}") = "Deploy-O-Mat.Docker.InspectR", "Deploy-O-Mat.Docker.InspectR", "{FDCC15D1-993A-454C-9926-6E7AD1F1DAC0}"
EndProject
Project("{FAE04EC0-301F-11D3-BF4B-00C04F79EFBC}") = "Deploy-O-Mat.Docker.InspectR.Domain", "Deploy-O-Mat.Docker.InspectR.Domain\Deploy-O-Mat.Docker.InspectR.Domain.csproj", "{FB53CF92-F8CB-47F3-ABA4-02F6FE78B30E}"
EndProject
Project("{FAE04EC0-301F-11D3-BF4B-00C04F79EFBC}") = "Deploy-O-Mat.Docker.InspectR.Tests", "Deploy-O-Mat.Docker.InspectR.Tests\Deploy-O-Mat.Docker.InspectR.Tests.csproj", "{E6E8EA5D-7A38-4988-82BE-F7638100284D}"
EndProject
Project("{FAE04EC0-301F-11D3-BF4B-00C04F79EFBC}") = "Deploy-O-Mat.Docker.InspectR.Application", "Deploy-O-Mat.Docker.InspectR.Application\Deploy-O-Mat.Docker.InspectR.Application.csproj", "{EAF6693F-2256-4B35-ACE5-F6A792A58653}"
EndProject
Project("{2150E333-8FDC-42A3-9474-1A3956D46DE8}") = "Deploy-O-Mat.Shared", "Deploy-O-Mat.Shared", "{E11F327D-E822-427F-817E-C7DFBC016EBB}"
EndProject
Project("{FAE04EC0-301F-11D3-BF4B-00C04F79EFBC}") = "Deploy-O-Mat.Shared", "Deploy-O-Mat.Shared\Deploy-O-Mat.Shared.csproj", "{0207588C-230B-4E23-A339-A74C7B08B0E1}"
EndProject
Project("{FAE04EC0-301F-11D3-BF4B-00C04F79EFBC}") = "Deploy-O-Mat.Docker.InspectR.Service", "Deploy-O-Mat.Docker.InspectR.Service\Deploy-O-Mat.Docker.InspectR.Service.csproj", "{ABE75E26-8FFD-4AFA-B8A9-02481619967D}"
EndProject
Project("{FAE04EC0-301F-11D3-BF4B-00C04F79EFBC}") = "Deploy-O-Mat.Docker.InspectR.Persistence", "Deploy-O-Mat.Docker.InspectR.Persistence\Deploy-O-Mat.Docker.InspectR.Persistence.csproj", "{092F688C-A431-4830-A53A-A97210B578D3}"
EndProject
Project("{FAE04EC0-301F-11D3-BF4B-00C04F79EFBC}") = "Deploy-O-Mat.Docker.InspectR.Data", "Deploy-O-Mat.Docker.InspectR.Data\Deploy-O-Mat.Docker.InspectR.Data.csproj", "{1627BF7E-B714-4907-B073-392B5F22F32D}"
EndProject
Global
	GlobalSection(SolutionConfigurationPlatforms) = preSolution
		Debug|Any CPU = Debug|Any CPU
		Release|Any CPU = Release|Any CPU
	EndGlobalSection
	GlobalSection(ProjectConfigurationPlatforms) = postSolution
		{27EF9C8F-CA30-4652-B85C-E93DFA1A994F}.Debug|Any CPU.ActiveCfg = Debug|Any CPU
		{27EF9C8F-CA30-4652-B85C-E93DFA1A994F}.Debug|Any CPU.Build.0 = Debug|Any CPU
		{27EF9C8F-CA30-4652-B85C-E93DFA1A994F}.Release|Any CPU.Build.0 = Release|Any CPU
		{54C5A41D-A6CA-4940-A773-459C35F42F83}.Debug|Any CPU.ActiveCfg = Debug|Any CPU
		{54C5A41D-A6CA-4940-A773-459C35F42F83}.Debug|Any CPU.Build.0 = Debug|Any CPU
		{54C5A41D-A6CA-4940-A773-459C35F42F83}.Release|Any CPU.ActiveCfg = Release|Any CPU
		{54C5A41D-A6CA-4940-A773-459C35F42F83}.Release|Any CPU.Build.0 = Release|Any CPU
		{DED9DDF3-DDB6-4E80-B8C7-AD790305DE0D}.Debug|Any CPU.ActiveCfg = Debug|Any CPU
		{DED9DDF3-DDB6-4E80-B8C7-AD790305DE0D}.Debug|Any CPU.Build.0 = Debug|Any CPU
		{DED9DDF3-DDB6-4E80-B8C7-AD790305DE0D}.Release|Any CPU.ActiveCfg = Release|Any CPU
		{DED9DDF3-DDB6-4E80-B8C7-AD790305DE0D}.Release|Any CPU.Build.0 = Release|Any CPU
		{FF76A3C9-AFD1-4282-9EB2-0A1C341A69B5}.Debug|Any CPU.ActiveCfg = Debug|Any CPU
		{FF76A3C9-AFD1-4282-9EB2-0A1C341A69B5}.Debug|Any CPU.Build.0 = Debug|Any CPU
		{FF76A3C9-AFD1-4282-9EB2-0A1C341A69B5}.Release|Any CPU.ActiveCfg = Release|Any CPU
		{FF76A3C9-AFD1-4282-9EB2-0A1C341A69B5}.Release|Any CPU.Build.0 = Release|Any CPU
		{6D906209-6B3F-4980-8E42-5CA6391A6625}.Debug|Any CPU.ActiveCfg = Debug|Any CPU
		{6D906209-6B3F-4980-8E42-5CA6391A6625}.Debug|Any CPU.Build.0 = Debug|Any CPU
		{6D906209-6B3F-4980-8E42-5CA6391A6625}.Release|Any CPU.ActiveCfg = Release|Any CPU
		{6D906209-6B3F-4980-8E42-5CA6391A6625}.Release|Any CPU.Build.0 = Release|Any CPU
		{8CAB6A43-5FF4-4FA3-9C48-AE518F17A248}.Debug|Any CPU.ActiveCfg = Debug|Any CPU
		{8CAB6A43-5FF4-4FA3-9C48-AE518F17A248}.Debug|Any CPU.Build.0 = Debug|Any CPU
		{8CAB6A43-5FF4-4FA3-9C48-AE518F17A248}.Release|Any CPU.ActiveCfg = Release|Any CPU
		{8CAB6A43-5FF4-4FA3-9C48-AE518F17A248}.Release|Any CPU.Build.0 = Release|Any CPU
		{B0EBB22B-1FC4-4D36-A3F8-1B2D45A04D54}.Debug|Any CPU.ActiveCfg = Debug|Any CPU
		{B0EBB22B-1FC4-4D36-A3F8-1B2D45A04D54}.Debug|Any CPU.Build.0 = Debug|Any CPU
		{B0EBB22B-1FC4-4D36-A3F8-1B2D45A04D54}.Release|Any CPU.ActiveCfg = Release|Any CPU
		{B0EBB22B-1FC4-4D36-A3F8-1B2D45A04D54}.Release|Any CPU.Build.0 = Release|Any CPU
		{2E9BA7EF-D194-4718-A84C-93BFC923170E}.Debug|Any CPU.ActiveCfg = Debug|Any CPU
		{2E9BA7EF-D194-4718-A84C-93BFC923170E}.Debug|Any CPU.Build.0 = Debug|Any CPU
		{2E9BA7EF-D194-4718-A84C-93BFC923170E}.Release|Any CPU.ActiveCfg = Release|Any CPU
		{2E9BA7EF-D194-4718-A84C-93BFC923170E}.Release|Any CPU.Build.0 = Release|Any CPU
		{3BCEA45D-05A0-4850-B6B8-9EB918CAF0F3}.Debug|Any CPU.ActiveCfg = Debug|Any CPU
		{3BCEA45D-05A0-4850-B6B8-9EB918CAF0F3}.Debug|Any CPU.Build.0 = Debug|Any CPU
		{3BCEA45D-05A0-4850-B6B8-9EB918CAF0F3}.Release|Any CPU.ActiveCfg = Release|Any CPU
		{3BCEA45D-05A0-4850-B6B8-9EB918CAF0F3}.Release|Any CPU.Build.0 = Release|Any CPU
		{1F8A71E7-0C98-4834-9B17-440AA78E19EA}.Debug|Any CPU.ActiveCfg = Debug|Any CPU
		{1F8A71E7-0C98-4834-9B17-440AA78E19EA}.Debug|Any CPU.Build.0 = Debug|Any CPU
		{1F8A71E7-0C98-4834-9B17-440AA78E19EA}.Release|Any CPU.ActiveCfg = Release|Any CPU
		{1F8A71E7-0C98-4834-9B17-440AA78E19EA}.Release|Any CPU.Build.0 = Release|Any CPU
		{BE955FD6-C670-4E8F-B59C-D9CF8BB69E9B}.Debug|Any CPU.ActiveCfg = Debug|Any CPU
		{BE955FD6-C670-4E8F-B59C-D9CF8BB69E9B}.Debug|Any CPU.Build.0 = Debug|Any CPU
		{BE955FD6-C670-4E8F-B59C-D9CF8BB69E9B}.Release|Any CPU.ActiveCfg = Release|Any CPU
		{BE955FD6-C670-4E8F-B59C-D9CF8BB69E9B}.Release|Any CPU.Build.0 = Release|Any CPU
		{63D70C56-61C8-469B-B43A-375C7A60488A}.Debug|Any CPU.ActiveCfg = Debug|Any CPU
		{63D70C56-61C8-469B-B43A-375C7A60488A}.Debug|Any CPU.Build.0 = Debug|Any CPU
		{63D70C56-61C8-469B-B43A-375C7A60488A}.Release|Any CPU.ActiveCfg = Release|Any CPU
		{63D70C56-61C8-469B-B43A-375C7A60488A}.Release|Any CPU.Build.0 = Release|Any CPU
		{CC870BB9-B5E9-4035-A46C-200615ECCFB6}.Debug|Any CPU.ActiveCfg = Debug|Any CPU
		{CC870BB9-B5E9-4035-A46C-200615ECCFB6}.Debug|Any CPU.Build.0 = Debug|Any CPU
		{CC870BB9-B5E9-4035-A46C-200615ECCFB6}.Release|Any CPU.ActiveCfg = Release|Any CPU
		{CC870BB9-B5E9-4035-A46C-200615ECCFB6}.Release|Any CPU.Build.0 = Release|Any CPU
		{32D1FA86-9276-4B5D-BBC3-10F6675E0E01}.Debug|Any CPU.ActiveCfg = Debug|Any CPU
		{32D1FA86-9276-4B5D-BBC3-10F6675E0E01}.Debug|Any CPU.Build.0 = Debug|Any CPU
		{32D1FA86-9276-4B5D-BBC3-10F6675E0E01}.Release|Any CPU.ActiveCfg = Release|Any CPU
		{32D1FA86-9276-4B5D-BBC3-10F6675E0E01}.Release|Any CPU.Build.0 = Release|Any CPU
		{B14E581C-9854-44B4-9136-B9B3AA66C7ED}.Debug|Any CPU.ActiveCfg = Debug|Any CPU
		{B14E581C-9854-44B4-9136-B9B3AA66C7ED}.Debug|Any CPU.Build.0 = Debug|Any CPU
		{B14E581C-9854-44B4-9136-B9B3AA66C7ED}.Release|Any CPU.ActiveCfg = Release|Any CPU
		{B14E581C-9854-44B4-9136-B9B3AA66C7ED}.Release|Any CPU.Build.0 = Release|Any CPU
		{FB53CF92-F8CB-47F3-ABA4-02F6FE78B30E}.Debug|Any CPU.ActiveCfg = Debug|Any CPU
		{FB53CF92-F8CB-47F3-ABA4-02F6FE78B30E}.Debug|Any CPU.Build.0 = Debug|Any CPU
		{FB53CF92-F8CB-47F3-ABA4-02F6FE78B30E}.Release|Any CPU.ActiveCfg = Release|Any CPU
		{FB53CF92-F8CB-47F3-ABA4-02F6FE78B30E}.Release|Any CPU.Build.0 = Release|Any CPU
		{E6E8EA5D-7A38-4988-82BE-F7638100284D}.Debug|Any CPU.ActiveCfg = Debug|Any CPU
		{E6E8EA5D-7A38-4988-82BE-F7638100284D}.Debug|Any CPU.Build.0 = Debug|Any CPU
		{E6E8EA5D-7A38-4988-82BE-F7638100284D}.Release|Any CPU.ActiveCfg = Release|Any CPU
		{E6E8EA5D-7A38-4988-82BE-F7638100284D}.Release|Any CPU.Build.0 = Release|Any CPU
		{EAF6693F-2256-4B35-ACE5-F6A792A58653}.Debug|Any CPU.ActiveCfg = Debug|Any CPU
		{EAF6693F-2256-4B35-ACE5-F6A792A58653}.Debug|Any CPU.Build.0 = Debug|Any CPU
		{EAF6693F-2256-4B35-ACE5-F6A792A58653}.Release|Any CPU.ActiveCfg = Release|Any CPU
		{EAF6693F-2256-4B35-ACE5-F6A792A58653}.Release|Any CPU.Build.0 = Release|Any CPU
		{0207588C-230B-4E23-A339-A74C7B08B0E1}.Debug|Any CPU.ActiveCfg = Debug|Any CPU
		{0207588C-230B-4E23-A339-A74C7B08B0E1}.Debug|Any CPU.Build.0 = Debug|Any CPU
		{0207588C-230B-4E23-A339-A74C7B08B0E1}.Release|Any CPU.ActiveCfg = Release|Any CPU
		{0207588C-230B-4E23-A339-A74C7B08B0E1}.Release|Any CPU.Build.0 = Release|Any CPU
		{ABE75E26-8FFD-4AFA-B8A9-02481619967D}.Debug|Any CPU.ActiveCfg = Debug|Any CPU
		{ABE75E26-8FFD-4AFA-B8A9-02481619967D}.Debug|Any CPU.Build.0 = Debug|Any CPU
		{ABE75E26-8FFD-4AFA-B8A9-02481619967D}.Release|Any CPU.ActiveCfg = Release|Any CPU
		{ABE75E26-8FFD-4AFA-B8A9-02481619967D}.Release|Any CPU.Build.0 = Release|Any CPU
		{092F688C-A431-4830-A53A-A97210B578D3}.Debug|Any CPU.ActiveCfg = Debug|Any CPU
		{092F688C-A431-4830-A53A-A97210B578D3}.Debug|Any CPU.Build.0 = Debug|Any CPU
		{092F688C-A431-4830-A53A-A97210B578D3}.Release|Any CPU.ActiveCfg = Release|Any CPU
		{092F688C-A431-4830-A53A-A97210B578D3}.Release|Any CPU.Build.0 = Release|Any CPU
		{1627BF7E-B714-4907-B073-392B5F22F32D}.Debug|Any CPU.ActiveCfg = Debug|Any CPU
		{1627BF7E-B714-4907-B073-392B5F22F32D}.Debug|Any CPU.Build.0 = Debug|Any CPU
		{1627BF7E-B714-4907-B073-392B5F22F32D}.Release|Any CPU.ActiveCfg = Release|Any CPU
		{1627BF7E-B714-4907-B073-392B5F22F32D}.Release|Any CPU.Build.0 = Release|Any CPU
	EndGlobalSection
	GlobalSection(SolutionProperties) = preSolution
		HideSolutionNode = FALSE
	EndGlobalSection
	GlobalSection(ExtensibilityGlobals) = postSolution
		SolutionGuid = {FD2673A3-3E91-407C-A1F0-4C554289C981}
	EndGlobalSection
	GlobalSection(NestedProjects) = preSolution
		{FB53CF92-F8CB-47F3-ABA4-02F6FE78B30E} = {FDCC15D1-993A-454C-9926-6E7AD1F1DAC0}
		{E6E8EA5D-7A38-4988-82BE-F7638100284D} = {FDCC15D1-993A-454C-9926-6E7AD1F1DAC0}
		{EAF6693F-2256-4B35-ACE5-F6A792A58653} = {FDCC15D1-993A-454C-9926-6E7AD1F1DAC0}
		{0207588C-230B-4E23-A339-A74C7B08B0E1} = {E11F327D-E822-427F-817E-C7DFBC016EBB}
		{ABE75E26-8FFD-4AFA-B8A9-02481619967D} = {FDCC15D1-993A-454C-9926-6E7AD1F1DAC0}
		{092F688C-A431-4830-A53A-A97210B578D3} = {FDCC15D1-993A-454C-9926-6E7AD1F1DAC0}
		{1627BF7E-B714-4907-B073-392B5F22F32D} = {FDCC15D1-993A-454C-9926-6E7AD1F1DAC0}
		{32D1FA86-9276-4B5D-BBC3-10F6675E0E01} = {EA29DD77-3176-4A76-A405-0826CBF8FB3D}
		{3BCEA45D-05A0-4850-B6B8-9EB918CAF0F3} = {EA29DD77-3176-4A76-A405-0826CBF8FB3D}
		{1F8A71E7-0C98-4834-9B17-440AA78E19EA} = {EA29DD77-3176-4A76-A405-0826CBF8FB3D}
		{FF76A3C9-AFD1-4282-9EB2-0A1C341A69B5} = {4C77F209-A1B6-47E8-92AA-957E1C265347}
		{DED9DDF3-DDB6-4E80-B8C7-AD790305DE0D} = {4C77F209-A1B6-47E8-92AA-957E1C265347}
		{6D906209-6B3F-4980-8E42-5CA6391A6625} = {4C77F209-A1B6-47E8-92AA-957E1C265347}
		{2E9BA7EF-D194-4718-A84C-93BFC923170E} = {BEF408F3-DF6B-4C73-9D00-3D684588664C}
		{B0EBB22B-1FC4-4D36-A3F8-1B2D45A04D54} = {BEF408F3-DF6B-4C73-9D00-3D684588664C}
		{8CAB6A43-5FF4-4FA3-9C48-AE518F17A248} = {BEF408F3-DF6B-4C73-9D00-3D684588664C}
		{63D70C56-61C8-469B-B43A-375C7A60488A} = {4C77F209-A1B6-47E8-92AA-957E1C265347}
		{54C5A41D-A6CA-4940-A773-459C35F42F83} = {4C77F209-A1B6-47E8-92AA-957E1C265347}
		{BE955FD6-C670-4E8F-B59C-D9CF8BB69E9B} = {4C77F209-A1B6-47E8-92AA-957E1C265347}
		{CC870BB9-B5E9-4035-A46C-200615ECCFB6} = {4C77F209-A1B6-47E8-92AA-957E1C265347}
		{B14E581C-9854-44B4-9136-B9B3AA66C7ED} = {4C77F209-A1B6-47E8-92AA-957E1C265347}
	EndGlobalSection
EndGlobal
