
Microsoft Visual Studio Solution File, Format Version 12.00
# Visual Studio 15
VisualStudioVersion = 15.0.28307.852
MinimumVisualStudioVersion = 10.0.40219.1
Project("{FAE04EC0-301F-11D3-BF4B-00C04F79EFBC}") = "Deploy_O_Mat.Web.Domain", "Deploy_O_Mat.Web.Domain\Deploy_O_Mat.Web.Domain.csproj", "{54C5A41D-A6CA-4940-A773-459C35F42F83}"
EndProject
Project("{FAE04EC0-301F-11D3-BF4B-00C04F79EFBC}") = "Deploy_O_Mat.Web.Application", "Deploy_O_Mat.Web.Application\Deploy_O_Mat.Web.Application.csproj", "{DED9DDF3-DDB6-4E80-B8C7-AD790305DE0D}"
EndProject
Project("{FAE04EC0-301F-11D3-BF4B-00C04F79EFBC}") = "Deploy_O_Mat.Web.API", "Deploy_O_Mat.Web.API\Deploy_O_Mat.Web.API.csproj", "{FF76A3C9-AFD1-4282-9EB2-0A1C341A69B5}"
EndProject
Project("{FAE04EC0-301F-11D3-BF4B-00C04F79EFBC}") = "Deploy_O_Mat.Web.Data", "Deploy_O_Mat.Web.Data\Deploy_O_Mat.Web.Data.csproj", "{6D906209-6B3F-4980-8E42-5CA6391A6625}"
EndProject
Project("{FAE04EC0-301F-11D3-BF4B-00C04F79EFBC}") = "Deploy_O_Mat.Service.Api", "Deploy_O_Mat.Service\Deploy_O_Mat.Service.Api.csproj", "{E99D834F-0159-471A-9841-34AB1F4B9931}"
EndProject
Project("{2150E333-8FDC-42A3-9474-1A3956D46DE8}") = "MicroRabbit", "MicroRabbit", "{BEF408F3-DF6B-4C73-9D00-3D684588664C}"
EndProject
Project("{FAE04EC0-301F-11D3-BF4B-00C04F79EFBC}") = "MicroRabbit.Domain.Core", "MicroRabbit.Domain.Core\MicroRabbit.Domain.Core.csproj", "{8CAB6A43-5FF4-4FA3-9C48-AE518F17A248}"
EndProject
Project("{2150E333-8FDC-42A3-9474-1A3956D46DE8}") = "Infra.Bus", "Infra.Bus", "{176F81B6-EBE5-4A8A-B8B9-79D0956A8E43}"
EndProject
Project("{2150E333-8FDC-42A3-9474-1A3956D46DE8}") = "Domain", "Domain", "{89A51868-DDB4-4312-B592-F920FC33B961}"
EndProject
Project("{FAE04EC0-301F-11D3-BF4B-00C04F79EFBC}") = "MicroRabbit.Infra.Bus", "MicroRabbit.Infra.Bus\MicroRabbit.Infra.Bus.csproj", "{B0EBB22B-1FC4-4D36-A3F8-1B2D45A04D54}"
EndProject
Project("{2150E333-8FDC-42A3-9474-1A3956D46DE8}") = "Infra.IoC", "Infra.IoC", "{100422CF-EFD8-442B-B4FB-79EBF3F4C709}"
EndProject
Project("{FAE04EC0-301F-11D3-BF4B-00C04F79EFBC}") = "MicroRabbit.Infra.IoC", "MicroRabbit.Infra.IoC\MicroRabbit.Infra.IoC.csproj", "{2E9BA7EF-D194-4718-A84C-93BFC923170E}"
EndProject
Project("{2150E333-8FDC-42A3-9474-1A3956D46DE8}") = "Deploy-O-Mat.Service", "Deploy-O-Mat.Service", "{EA29DD77-3176-4A76-A405-0826CBF8FB3D}"
EndProject
Project("{2150E333-8FDC-42A3-9474-1A3956D46DE8}") = "Api", "Api", "{CD39F23E-49E8-4DF1-9EEB-8C046808A036}"
EndProject
Project("{2150E333-8FDC-42A3-9474-1A3956D46DE8}") = "Application", "Application", "{EADFBFC9-A5E6-41FA-AD4C-A89DF86C700E}"
EndProject
Project("{2150E333-8FDC-42A3-9474-1A3956D46DE8}") = "Data", "Data", "{6C6CD0BA-1B84-4F47-9A41-FA9CD42E5120}"
EndProject
Project("{2150E333-8FDC-42A3-9474-1A3956D46DE8}") = "Domain", "Domain", "{E95C7F72-C17B-4A60-98EF-D79BA7E92D16}"
EndProject
Project("{FAE04EC0-301F-11D3-BF4B-00C04F79EFBC}") = "Deploy_O_Mat.Service.Application", "Deploy_O_Mat.Service.Application\Deploy_O_Mat.Service.Application.csproj", "{3BCEA45D-05A0-4850-B6B8-9EB918CAF0F3}"
EndProject
Project("{FAE04EC0-301F-11D3-BF4B-00C04F79EFBC}") = "Deploy_O_Mat.Service.Data", "Deploy_O_Mat.Service.Data\Deploy_O_Mat.Service.Data.csproj", "{4CA7B289-CC00-47B4-A3BA-42B95734E6A4}"
EndProject
Project("{FAE04EC0-301F-11D3-BF4B-00C04F79EFBC}") = "Deploy_O_Mat.Service.Domain", "Deploy_O_Mat.Service.Domain\Deploy_O_Mat.Service.Domain.csproj", "{1F8A71E7-0C98-4834-9B17-440AA78E19EA}"
EndProject
Project("{2150E333-8FDC-42A3-9474-1A3956D46DE8}") = "Deploy_O_Mat.Website", "Deploy_O_Mat.Website", "{4C77F209-A1B6-47E8-92AA-957E1C265347}"
EndProject
Project("{2150E333-8FDC-42A3-9474-1A3956D46DE8}") = "Api", "Api", "{14E7F552-9E44-4BDF-8A5F-BF606B73868C}"
EndProject
Project("{2150E333-8FDC-42A3-9474-1A3956D46DE8}") = "Application", "Application", "{03FC0FC4-6DBF-4AD4-B82E-650160E46DCE}"
EndProject
Project("{2150E333-8FDC-42A3-9474-1A3956D46DE8}") = "Data", "Data", "{E3B1E4A0-AE26-40A5-B4D0-1BC8CC0AB445}"
EndProject
Project("{2150E333-8FDC-42A3-9474-1A3956D46DE8}") = "Domain", "Domain", "{C5CBEF16-83E1-425E-ADC7-B61D4FCEEBED}"
EndProject
Project("{2150E333-8FDC-42A3-9474-1A3956D46DE8}") = "Identity", "Identity", "{1A8A3AC1-62BF-47E9-B6C0-15CA7F7B3D73}"
EndProject
Project("{FAE04EC0-301F-11D3-BF4B-00C04F79EFBC}") = "Deploy_O_Mat.Web.Identity", "Deploy_O_Mat.Web.Identity\Deploy_O_Mat.Web.Identity.csproj", "{BE955FD6-C670-4E8F-B59C-D9CF8BB69E9B}"
EndProject
Global
	GlobalSection(SolutionConfigurationPlatforms) = preSolution
		Debug|Any CPU = Debug|Any CPU
		Release|Any CPU = Release|Any CPU
	EndGlobalSection
	GlobalSection(ProjectConfigurationPlatforms) = postSolution
		{27EF9C8F-CA30-4652-B85C-E93DFA1A994F}.Debug|Any CPU.ActiveCfg = Debug|Any CPU
		{27EF9C8F-CA30-4652-B85C-E93DFA1A994F}.Debug|Any CPU.Build.0 = Debug|Any CPU
		{27EF9C8F-CA30-4652-B85C-E93DFA1A994F}.Release|Any CPU.ActiveCfg = Release|Any CPU
		{27EF9C8F-CA30-4652-B85C-E93DFA1A994F}.Release|Any CPU.Build.0 = Release|Any CPU
		{54C5A41D-A6CA-4940-A773-459C35F42F83}.Debug|Any CPU.ActiveCfg = Debug|Any CPU
		{54C5A41D-A6CA-4940-A773-459C35F42F83}.Debug|Any CPU.Build.0 = Debug|Any CPU
		{54C5A41D-A6CA-4940-A773-459C35F42F83}.Release|Any CPU.ActiveCfg = Release|Any CPU
		{54C5A41D-A6CA-4940-A773-459C35F42F83}.Release|Any CPU.Build.0 = Release|Any CPU
		{DED9DDF3-DDB6-4E80-B8C7-AD790305DE0D}.Debug|Any CPU.ActiveCfg = Debug|Any CPU
		{DED9DDF3-DDB6-4E80-B8C7-AD790305DE0D}.Debug|Any CPU.Build.0 = Debug|Any CPU
		{DED9DDF3-DDB6-4E80-B8C7-AD790305DE0D}.Release|Any CPU.ActiveCfg = Release|Any CPU
		{DED9DDF3-DDB6-4E80-B8C7-AD790305DE0D}.Release|Any CPU.Build.0 = Release|Any CPU
		{FF76A3C9-AFD1-4282-9EB2-0A1C341A69B5}.Debug|Any CPU.ActiveCfg = Debug|Any CPU
		{FF76A3C9-AFD1-4282-9EB2-0A1C341A69B5}.Debug|Any CPU.Build.0 = Debug|Any CPU
		{FF76A3C9-AFD1-4282-9EB2-0A1C341A69B5}.Release|Any CPU.ActiveCfg = Release|Any CPU
		{FF76A3C9-AFD1-4282-9EB2-0A1C341A69B5}.Release|Any CPU.Build.0 = Release|Any CPU
		{6D906209-6B3F-4980-8E42-5CA6391A6625}.Debug|Any CPU.ActiveCfg = Debug|Any CPU
		{6D906209-6B3F-4980-8E42-5CA6391A6625}.Debug|Any CPU.Build.0 = Debug|Any CPU
		{6D906209-6B3F-4980-8E42-5CA6391A6625}.Release|Any CPU.ActiveCfg = Release|Any CPU
		{6D906209-6B3F-4980-8E42-5CA6391A6625}.Release|Any CPU.Build.0 = Release|Any CPU
		{E99D834F-0159-471A-9841-34AB1F4B9931}.Debug|Any CPU.ActiveCfg = Debug|Any CPU
		{E99D834F-0159-471A-9841-34AB1F4B9931}.Debug|Any CPU.Build.0 = Debug|Any CPU
		{E99D834F-0159-471A-9841-34AB1F4B9931}.Release|Any CPU.ActiveCfg = Release|Any CPU
		{E99D834F-0159-471A-9841-34AB1F4B9931}.Release|Any CPU.Build.0 = Release|Any CPU
		{8CAB6A43-5FF4-4FA3-9C48-AE518F17A248}.Debug|Any CPU.ActiveCfg = Debug|Any CPU
		{8CAB6A43-5FF4-4FA3-9C48-AE518F17A248}.Debug|Any CPU.Build.0 = Debug|Any CPU
		{8CAB6A43-5FF4-4FA3-9C48-AE518F17A248}.Release|Any CPU.ActiveCfg = Release|Any CPU
		{8CAB6A43-5FF4-4FA3-9C48-AE518F17A248}.Release|Any CPU.Build.0 = Release|Any CPU
		{B0EBB22B-1FC4-4D36-A3F8-1B2D45A04D54}.Debug|Any CPU.ActiveCfg = Debug|Any CPU
		{B0EBB22B-1FC4-4D36-A3F8-1B2D45A04D54}.Debug|Any CPU.Build.0 = Debug|Any CPU
		{B0EBB22B-1FC4-4D36-A3F8-1B2D45A04D54}.Release|Any CPU.ActiveCfg = Release|Any CPU
		{B0EBB22B-1FC4-4D36-A3F8-1B2D45A04D54}.Release|Any CPU.Build.0 = Release|Any CPU
		{2E9BA7EF-D194-4718-A84C-93BFC923170E}.Debug|Any CPU.ActiveCfg = Debug|Any CPU
		{2E9BA7EF-D194-4718-A84C-93BFC923170E}.Debug|Any CPU.Build.0 = Debug|Any CPU
		{2E9BA7EF-D194-4718-A84C-93BFC923170E}.Release|Any CPU.ActiveCfg = Release|Any CPU
		{2E9BA7EF-D194-4718-A84C-93BFC923170E}.Release|Any CPU.Build.0 = Release|Any CPU
		{3BCEA45D-05A0-4850-B6B8-9EB918CAF0F3}.Debug|Any CPU.ActiveCfg = Debug|Any CPU
		{3BCEA45D-05A0-4850-B6B8-9EB918CAF0F3}.Debug|Any CPU.Build.0 = Debug|Any CPU
		{3BCEA45D-05A0-4850-B6B8-9EB918CAF0F3}.Release|Any CPU.ActiveCfg = Release|Any CPU
		{3BCEA45D-05A0-4850-B6B8-9EB918CAF0F3}.Release|Any CPU.Build.0 = Release|Any CPU
		{4CA7B289-CC00-47B4-A3BA-42B95734E6A4}.Debug|Any CPU.ActiveCfg = Debug|Any CPU
		{4CA7B289-CC00-47B4-A3BA-42B95734E6A4}.Debug|Any CPU.Build.0 = Debug|Any CPU
		{4CA7B289-CC00-47B4-A3BA-42B95734E6A4}.Release|Any CPU.ActiveCfg = Release|Any CPU
		{4CA7B289-CC00-47B4-A3BA-42B95734E6A4}.Release|Any CPU.Build.0 = Release|Any CPU
		{1F8A71E7-0C98-4834-9B17-440AA78E19EA}.Debug|Any CPU.ActiveCfg = Debug|Any CPU
		{1F8A71E7-0C98-4834-9B17-440AA78E19EA}.Debug|Any CPU.Build.0 = Debug|Any CPU
		{1F8A71E7-0C98-4834-9B17-440AA78E19EA}.Release|Any CPU.ActiveCfg = Release|Any CPU
		{1F8A71E7-0C98-4834-9B17-440AA78E19EA}.Release|Any CPU.Build.0 = Release|Any CPU
		{BE955FD6-C670-4E8F-B59C-D9CF8BB69E9B}.Debug|Any CPU.ActiveCfg = Debug|Any CPU
		{BE955FD6-C670-4E8F-B59C-D9CF8BB69E9B}.Debug|Any CPU.Build.0 = Debug|Any CPU
		{BE955FD6-C670-4E8F-B59C-D9CF8BB69E9B}.Release|Any CPU.ActiveCfg = Release|Any CPU
		{BE955FD6-C670-4E8F-B59C-D9CF8BB69E9B}.Release|Any CPU.Build.0 = Release|Any CPU
	EndGlobalSection
	GlobalSection(SolutionProperties) = preSolution
		HideSolutionNode = FALSE
	EndGlobalSection
	GlobalSection(ExtensibilityGlobals) = postSolution
		SolutionGuid = {FD2673A3-3E91-407C-A1F0-4C554289C981}
	EndGlobalSection
	GlobalSection(NestedProjects) = preSolution
		{8CAB6A43-5FF4-4FA3-9C48-AE518F17A248} = {89A51868-DDB4-4312-B592-F920FC33B961}
		{176F81B6-EBE5-4A8A-B8B9-79D0956A8E43} = {BEF408F3-DF6B-4C73-9D00-3D684588664C}
		{89A51868-DDB4-4312-B592-F920FC33B961} = {BEF408F3-DF6B-4C73-9D00-3D684588664C}
		{B0EBB22B-1FC4-4D36-A3F8-1B2D45A04D54} = {176F81B6-EBE5-4A8A-B8B9-79D0956A8E43}
		{100422CF-EFD8-442B-B4FB-79EBF3F4C709} = {BEF408F3-DF6B-4C73-9D00-3D684588664C}
		{2E9BA7EF-D194-4718-A84C-93BFC923170E} = {100422CF-EFD8-442B-B4FB-79EBF3F4C709}
		{CD39F23E-49E8-4DF1-9EEB-8C046808A036} = {EA29DD77-3176-4A76-A405-0826CBF8FB3D}
		{EADFBFC9-A5E6-41FA-AD4C-A89DF86C700E} = {EA29DD77-3176-4A76-A405-0826CBF8FB3D}
		{6C6CD0BA-1B84-4F47-9A41-FA9CD42E5120} = {EA29DD77-3176-4A76-A405-0826CBF8FB3D}
		{E95C7F72-C17B-4A60-98EF-D79BA7E92D16} = {EA29DD77-3176-4A76-A405-0826CBF8FB3D}
		{E99D834F-0159-471A-9841-34AB1F4B9931} = {CD39F23E-49E8-4DF1-9EEB-8C046808A036}
		{3BCEA45D-05A0-4850-B6B8-9EB918CAF0F3} = {EADFBFC9-A5E6-41FA-AD4C-A89DF86C700E}
		{4CA7B289-CC00-47B4-A3BA-42B95734E6A4} = {6C6CD0BA-1B84-4F47-9A41-FA9CD42E5120}
		{1F8A71E7-0C98-4834-9B17-440AA78E19EA} = {E95C7F72-C17B-4A60-98EF-D79BA7E92D16}
		{FF76A3C9-AFD1-4282-9EB2-0A1C341A69B5} = {14E7F552-9E44-4BDF-8A5F-BF606B73868C}
		{DED9DDF3-DDB6-4E80-B8C7-AD790305DE0D} = {03FC0FC4-6DBF-4AD4-B82E-650160E46DCE}
		{54C5A41D-A6CA-4940-A773-459C35F42F83} = {C5CBEF16-83E1-425E-ADC7-B61D4FCEEBED}
		{6D906209-6B3F-4980-8E42-5CA6391A6625} = {E3B1E4A0-AE26-40A5-B4D0-1BC8CC0AB445}
		{14E7F552-9E44-4BDF-8A5F-BF606B73868C} = {4C77F209-A1B6-47E8-92AA-957E1C265347}
		{03FC0FC4-6DBF-4AD4-B82E-650160E46DCE} = {4C77F209-A1B6-47E8-92AA-957E1C265347}
		{E3B1E4A0-AE26-40A5-B4D0-1BC8CC0AB445} = {4C77F209-A1B6-47E8-92AA-957E1C265347}
		{C5CBEF16-83E1-425E-ADC7-B61D4FCEEBED} = {4C77F209-A1B6-47E8-92AA-957E1C265347}
		{1A8A3AC1-62BF-47E9-B6C0-15CA7F7B3D73} = {4C77F209-A1B6-47E8-92AA-957E1C265347}
		{BE955FD6-C670-4E8F-B59C-D9CF8BB69E9B} = {1A8A3AC1-62BF-47E9-B6C0-15CA7F7B3D73}
	EndGlobalSection
EndGlobal
