
Microsoft Visual Studio Solution File, Format Version 12.00
# Visual Studio 15
VisualStudioVersion = 15.0.28307.852
MinimumVisualStudioVersion = 10.0.40219.1
Project("{FAE04EC0-301F-11D3-BF4B-00C04F79EFBC}") = "Deploy_O_Mat.Domain", "Deploy_O_Mat.Domain\Deploy_O_Mat.Domain.csproj", "{54C5A41D-A6CA-4940-A773-459C35F42F83}"
EndProject
Project("{FAE04EC0-301F-11D3-BF4B-00C04F79EFBC}") = "Deploy_O_Mat.Application", "Deploy_O_Mat.Application\Deploy_O_Mat.Application.csproj", "{DED9DDF3-DDB6-4E80-B8C7-AD790305DE0D}"
EndProject
Project("{FAE04EC0-301F-11D3-BF4B-00C04F79EFBC}") = "Deploy_O_Mat.API", "Deploy_O_Mat.API\Deploy_O_Mat.API.csproj", "{FF76A3C9-AFD1-4282-9EB2-0A1C341A69B5}"
EndProject
Project("{FAE04EC0-301F-11D3-BF4B-00C04F79EFBC}") = "Deploy_O_Mat.Persistence", "Deploy_O_Mat.Persistence\Deploy_O_Mat.Persistence.csproj", "{6D906209-6B3F-4980-8E42-5CA6391A6625}"
EndProject
Project("{FAE04EC0-301F-11D3-BF4B-00C04F79EFBC}") = "Deploy_O_Mat.Service", "Deploy_O_Mat.Service\Deploy_O_Mat.Service.csproj", "{E99D834F-0159-471A-9841-34AB1F4B9931}"
EndProject
Project("{2150E333-8FDC-42A3-9474-1A3956D46DE8}") = "MicroRabbit", "MicroRabbit", "{BEF408F3-DF6B-4C73-9D00-3D684588664C}"
EndProject
Project("{FAE04EC0-301F-11D3-BF4B-00C04F79EFBC}") = "MicroRabbit.Domain.Core", "MicroRabbit.Domain.Core\MicroRabbit.Domain.Core.csproj", "{8CAB6A43-5FF4-4FA3-9C48-AE518F17A248}"
EndProject
Project("{2150E333-8FDC-42A3-9474-1A3956D46DE8}") = "Infra.Bus", "Infra.Bus", "{176F81B6-EBE5-4A8A-B8B9-79D0956A8E43}"
EndProject
Project("{2150E333-8FDC-42A3-9474-1A3956D46DE8}") = "Domain", "Domain", "{89A51868-DDB4-4312-B592-F920FC33B961}"
EndProject
Project("{FAE04EC0-301F-11D3-BF4B-00C04F79EFBC}") = "MicroRabbit.Infra.Bus", "MicroRabbit.Infra.Bus\MicroRabbit.Infra.Bus.csproj", "{B0EBB22B-1FC4-4D36-A3F8-1B2D45A04D54}"
EndProject
Project("{2150E333-8FDC-42A3-9474-1A3956D46DE8}") = "Infra.IoC", "Infra.IoC", "{100422CF-EFD8-442B-B4FB-79EBF3F4C709}"
EndProject
Project("{FAE04EC0-301F-11D3-BF4B-00C04F79EFBC}") = "MicroRabbit.Infra.IoC", "MicroRabbit.Infra.IoC\MicroRabbit.Infra.IoC.csproj", "{2E9BA7EF-D194-4718-A84C-93BFC923170E}"
EndProject
Global
	GlobalSection(SolutionConfigurationPlatforms) = preSolution
		Debug|Any CPU = Debug|Any CPU
		Release|Any CPU = Release|Any CPU
	EndGlobalSection
	GlobalSection(ProjectConfigurationPlatforms) = postSolution
		{27EF9C8F-CA30-4652-B85C-E93DFA1A994F}.Debug|Any CPU.ActiveCfg = Debug|Any CPU
		{27EF9C8F-CA30-4652-B85C-E93DFA1A994F}.Debug|Any CPU.Build.0 = Debug|Any CPU
		{27EF9C8F-CA30-4652-B85C-E93DFA1A994F}.Release|Any CPU.ActiveCfg = Release|Any CPU
		{27EF9C8F-CA30-4652-B85C-E93DFA1A994F}.Release|Any CPU.Build.0 = Release|Any CPU
		{54C5A41D-A6CA-4940-A773-459C35F42F83}.Debug|Any CPU.ActiveCfg = Debug|Any CPU
		{54C5A41D-A6CA-4940-A773-459C35F42F83}.Debug|Any CPU.Build.0 = Debug|Any CPU
		{54C5A41D-A6CA-4940-A773-459C35F42F83}.Release|Any CPU.ActiveCfg = Release|Any CPU
		{54C5A41D-A6CA-4940-A773-459C35F42F83}.Release|Any CPU.Build.0 = Release|Any CPU
		{DED9DDF3-DDB6-4E80-B8C7-AD790305DE0D}.Debug|Any CPU.ActiveCfg = Debug|Any CPU
		{DED9DDF3-DDB6-4E80-B8C7-AD790305DE0D}.Debug|Any CPU.Build.0 = Debug|Any CPU
		{DED9DDF3-DDB6-4E80-B8C7-AD790305DE0D}.Release|Any CPU.ActiveCfg = Release|Any CPU
		{DED9DDF3-DDB6-4E80-B8C7-AD790305DE0D}.Release|Any CPU.Build.0 = Release|Any CPU
		{FF76A3C9-AFD1-4282-9EB2-0A1C341A69B5}.Debug|Any CPU.ActiveCfg = Debug|Any CPU
		{FF76A3C9-AFD1-4282-9EB2-0A1C341A69B5}.Debug|Any CPU.Build.0 = Debug|Any CPU
		{FF76A3C9-AFD1-4282-9EB2-0A1C341A69B5}.Release|Any CPU.ActiveCfg = Release|Any CPU
		{FF76A3C9-AFD1-4282-9EB2-0A1C341A69B5}.Release|Any CPU.Build.0 = Release|Any CPU
		{6D906209-6B3F-4980-8E42-5CA6391A6625}.Debug|Any CPU.ActiveCfg = Debug|Any CPU
		{6D906209-6B3F-4980-8E42-5CA6391A6625}.Debug|Any CPU.Build.0 = Debug|Any CPU
		{6D906209-6B3F-4980-8E42-5CA6391A6625}.Release|Any CPU.ActiveCfg = Release|Any CPU
		{6D906209-6B3F-4980-8E42-5CA6391A6625}.Release|Any CPU.Build.0 = Release|Any CPU
		{E99D834F-0159-471A-9841-34AB1F4B9931}.Debug|Any CPU.ActiveCfg = Debug|Any CPU
		{E99D834F-0159-471A-9841-34AB1F4B9931}.Debug|Any CPU.Build.0 = Debug|Any CPU
		{E99D834F-0159-471A-9841-34AB1F4B9931}.Release|Any CPU.ActiveCfg = Release|Any CPU
		{E99D834F-0159-471A-9841-34AB1F4B9931}.Release|Any CPU.Build.0 = Release|Any CPU
		{8CAB6A43-5FF4-4FA3-9C48-AE518F17A248}.Debug|Any CPU.ActiveCfg = Debug|Any CPU
		{8CAB6A43-5FF4-4FA3-9C48-AE518F17A248}.Debug|Any CPU.Build.0 = Debug|Any CPU
		{8CAB6A43-5FF4-4FA3-9C48-AE518F17A248}.Release|Any CPU.ActiveCfg = Release|Any CPU
		{8CAB6A43-5FF4-4FA3-9C48-AE518F17A248}.Release|Any CPU.Build.0 = Release|Any CPU
		{B0EBB22B-1FC4-4D36-A3F8-1B2D45A04D54}.Debug|Any CPU.ActiveCfg = Debug|Any CPU
		{B0EBB22B-1FC4-4D36-A3F8-1B2D45A04D54}.Debug|Any CPU.Build.0 = Debug|Any CPU
		{B0EBB22B-1FC4-4D36-A3F8-1B2D45A04D54}.Release|Any CPU.ActiveCfg = Release|Any CPU
		{B0EBB22B-1FC4-4D36-A3F8-1B2D45A04D54}.Release|Any CPU.Build.0 = Release|Any CPU
		{2E9BA7EF-D194-4718-A84C-93BFC923170E}.Debug|Any CPU.ActiveCfg = Debug|Any CPU
		{2E9BA7EF-D194-4718-A84C-93BFC923170E}.Debug|Any CPU.Build.0 = Debug|Any CPU
		{2E9BA7EF-D194-4718-A84C-93BFC923170E}.Release|Any CPU.ActiveCfg = Release|Any CPU
		{2E9BA7EF-D194-4718-A84C-93BFC923170E}.Release|Any CPU.Build.0 = Release|Any CPU
	EndGlobalSection
	GlobalSection(SolutionProperties) = preSolution
		HideSolutionNode = FALSE
	EndGlobalSection
	GlobalSection(ExtensibilityGlobals) = postSolution
		SolutionGuid = {FD2673A3-3E91-407C-A1F0-4C554289C981}
	EndGlobalSection
	GlobalSection(NestedProjects) = preSolution
		{8CAB6A43-5FF4-4FA3-9C48-AE518F17A248} = {89A51868-DDB4-4312-B592-F920FC33B961}
		{176F81B6-EBE5-4A8A-B8B9-79D0956A8E43} = {BEF408F3-DF6B-4C73-9D00-3D684588664C}
		{89A51868-DDB4-4312-B592-F920FC33B961} = {BEF408F3-DF6B-4C73-9D00-3D684588664C}
		{B0EBB22B-1FC4-4D36-A3F8-1B2D45A04D54} = {176F81B6-EBE5-4A8A-B8B9-79D0956A8E43}
		{100422CF-EFD8-442B-B4FB-79EBF3F4C709} = {BEF408F3-DF6B-4C73-9D00-3D684588664C}
		{2E9BA7EF-D194-4718-A84C-93BFC923170E} = {100422CF-EFD8-442B-B4FB-79EBF3F4C709}
	EndGlobalSection
EndGlobal
